
Microsoft Visual Studio Solution File, Format Version 12.00
# Visual Studio 15
VisualStudioVersion = 15.0.27703.2018
MinimumVisualStudioVersion = 10.0.40219.1
Project("{FAE04EC0-301F-11D3-BF4B-00C04F79EFBC}") = "forces 2.0", "forces 2.0\forces 2.0.csproj", "{E8296B0E-0947-4AB2-8058-AB7B4C2374CB}"
EndProject
Global
	GlobalSection(SolutionConfigurationPlatforms) = preSolution
		Debug|Any CPU = Debug|Any CPU
		Release|Any CPU = Release|Any CPU
	EndGlobalSection
	GlobalSection(ProjectConfigurationPlatforms) = postSolution
		{E8296B0E-0947-4AB2-8058-AB7B4C2374CB}.Debug|Any CPU.ActiveCfg = Debug|Any CPU
		{E8296B0E-0947-4AB2-8058-AB7B4C2374CB}.Debug|Any CPU.Build.0 = Debug|Any CPU
		{E8296B0E-0947-4AB2-8058-AB7B4C2374CB}.Release|Any CPU.ActiveCfg = Release|Any CPU
		{E8296B0E-0947-4AB2-8058-AB7B4C2374CB}.Release|Any CPU.Build.0 = Release|Any CPU
	EndGlobalSection
	GlobalSection(SolutionProperties) = preSolution
		HideSolutionNode = FALSE
	EndGlobalSection
	GlobalSection(ExtensibilityGlobals) = postSolution
		SolutionGuid = {D8DCD85B-100B-46CA-8E96-6D685181332C}
	EndGlobalSection
EndGlobal
